
Microsoft Visual Studio Solution File, Format Version 12.00
# Visual Studio Version 17
VisualStudioVersion = 17.12.35527.113
MinimumVisualStudioVersion = 10.0.40219.1
Project("{FAE04EC0-301F-11D3-BF4B-00C04F79EFBC}") = "Phonebook.Directory", "Phonebook.Directory\Phonebook.Directory.csproj", "{6FAE62EA-BC2B-45AD-B483-C7E435824B37}"
EndProject
Project("{FAE04EC0-301F-11D3-BF4B-00C04F79EFBC}") = "Phonebook.Report", "Phonebook.Report\Phonebook.Report.csproj", "{0060247E-924B-490E-A6EC-55508E505DCE}"
EndProject
Project("{E53339B2-1760-4266-BCC7-CA923CBCF16C}") = "docker-compose", "docker-compose.dcproj", "{82B2799B-0810-4C0C-9AB0-21B79B30EF9D}"
EndProject
Global
	GlobalSection(SolutionConfigurationPlatforms) = preSolution
		Debug|Any CPU = Debug|Any CPU
		Release|Any CPU = Release|Any CPU
	EndGlobalSection
	GlobalSection(ProjectConfigurationPlatforms) = postSolution
		{6FAE62EA-BC2B-45AD-B483-C7E435824B37}.Debug|Any CPU.ActiveCfg = Debug|Any CPU
		{6FAE62EA-BC2B-45AD-B483-C7E435824B37}.Debug|Any CPU.Build.0 = Debug|Any CPU
		{6FAE62EA-BC2B-45AD-B483-C7E435824B37}.Release|Any CPU.ActiveCfg = Release|Any CPU
		{6FAE62EA-BC2B-45AD-B483-C7E435824B37}.Release|Any CPU.Build.0 = Release|Any CPU
		{0060247E-924B-490E-A6EC-55508E505DCE}.Debug|Any CPU.ActiveCfg = Debug|Any CPU
		{0060247E-924B-490E-A6EC-55508E505DCE}.Debug|Any CPU.Build.0 = Debug|Any CPU
		{0060247E-924B-490E-A6EC-55508E505DCE}.Release|Any CPU.ActiveCfg = Release|Any CPU
		{0060247E-924B-490E-A6EC-55508E505DCE}.Release|Any CPU.Build.0 = Release|Any CPU
		{82B2799B-0810-4C0C-9AB0-21B79B30EF9D}.Debug|Any CPU.ActiveCfg = Debug|Any CPU
		{82B2799B-0810-4C0C-9AB0-21B79B30EF9D}.Debug|Any CPU.Build.0 = Debug|Any CPU
		{82B2799B-0810-4C0C-9AB0-21B79B30EF9D}.Release|Any CPU.ActiveCfg = Release|Any CPU
		{82B2799B-0810-4C0C-9AB0-21B79B30EF9D}.Release|Any CPU.Build.0 = Release|Any CPU
	EndGlobalSection
	GlobalSection(SolutionProperties) = preSolution
		HideSolutionNode = FALSE
	EndGlobalSection
EndGlobal
